
Microsoft Visual Studio Solution File, Format Version 12.00
# Visual Studio Version 16
VisualStudioVersion = 16.0.30406.217
MinimumVisualStudioVersion = 10.0.40219.1
Project("{9A19103F-16F7-4668-BE54-9A1E7A4F7556}") = "OddLines", "OddLines\OddLines.csproj", "{5D9DCED5-D5E9-4C19-89B3-1F8506894E4B}"
EndProject
Project("{9A19103F-16F7-4668-BE54-9A1E7A4F7556}") = "LineNumbers", "LineNumbers\LineNumbers.csproj", "{51EF373B-010C-4763-908D-14C43B7DF6AE}"
EndProject
Project("{9A19103F-16F7-4668-BE54-9A1E7A4F7556}") = "WordCount", "WordCount\WordCount.csproj", "{4C876FEB-499C-40C0-BB75-91A1964860CE}"
EndProject
Project("{9A19103F-16F7-4668-BE54-9A1E7A4F7556}") = "MergeFiles", "MergeFiles\MergeFiles.csproj", "{E1681F53-6599-4A7F-9FC7-3CF73203BBCA}"
EndProject
Project("{9A19103F-16F7-4668-BE54-9A1E7A4F7556}") = "SliceFile", "SliceFile\SliceFile.csproj", "{1391F4FD-B8A4-4DAC-9725-A1B43CAFC494}"
EndProject
Project("{9A19103F-16F7-4668-BE54-9A1E7A4F7556}") = "demo", "demo\demo.csproj", "{0603B4C9-AB92-43FC-A954-5195AB76673D}"
EndProject
Project("{9A19103F-16F7-4668-BE54-9A1E7A4F7556}") = "FolderSize", "FolderSize\FolderSize.csproj", "{0434C2AC-37CE-4722-8310-B80E1E85AA37}"
EndProject
Project("{9A19103F-16F7-4668-BE54-9A1E7A4F7556}") = "LineNumbers2", "LineNumbers2\LineNumbers2.csproj", "{CFAFB939-2648-4549-A47A-2E48E5FF2441}"
EndProject
Project("{9A19103F-16F7-4668-BE54-9A1E7A4F7556}") = "WordCount2", "WordCount1\WordCount2.csproj", "{A549657C-A3F0-47C9-B254-CB2F0D7DFF46}"
EndProject
Project("{9A19103F-16F7-4668-BE54-9A1E7A4F7556}") = "CopyBinaryFile", "CopyBinaryFile\CopyBinaryFile.csproj", "{51815025-E92E-44D0-9556-66277D256A21}"
EndProject
Project("{9A19103F-16F7-4668-BE54-9A1E7A4F7556}") = "DirectoryTraversal", "DirectoryTraversal\DirectoryTraversal.csproj", "{DB900FF1-120B-4F1C-BB03-25C30EFFE56B}"
EndProject
Project("{9A19103F-16F7-4668-BE54-9A1E7A4F7556}") = "demo2", "demo2\demo2.csproj", "{A5B2DC6B-1BE3-4DF3-B727-2114D6CEA91D}"
EndProject
Project("{FAE04EC0-301F-11D3-BF4B-00C04F79EFBC}") = "ZipAndExtract", "ZipAndExtract\ZipAndExtract.csproj", "{78410AE5-EB8F-4134-ACA7-5CD022E36EF2}"
EndProject
Project("{FAE04EC0-301F-11D3-BF4B-00C04F79EFBC}") = "EvenLines", "EvenLines\EvenLines.csproj", "{57C8800E-7ABF-4640-B883-AA26637B4A63}"
EndProject
Global
	GlobalSection(SolutionConfigurationPlatforms) = preSolution
		Debug|Any CPU = Debug|Any CPU
		Release|Any CPU = Release|Any CPU
	EndGlobalSection
	GlobalSection(ProjectConfigurationPlatforms) = postSolution
		{5D9DCED5-D5E9-4C19-89B3-1F8506894E4B}.Debug|Any CPU.ActiveCfg = Debug|Any CPU
		{5D9DCED5-D5E9-4C19-89B3-1F8506894E4B}.Debug|Any CPU.Build.0 = Debug|Any CPU
		{5D9DCED5-D5E9-4C19-89B3-1F8506894E4B}.Release|Any CPU.ActiveCfg = Release|Any CPU
		{5D9DCED5-D5E9-4C19-89B3-1F8506894E4B}.Release|Any CPU.Build.0 = Release|Any CPU
		{51EF373B-010C-4763-908D-14C43B7DF6AE}.Debug|Any CPU.ActiveCfg = Debug|Any CPU
		{51EF373B-010C-4763-908D-14C43B7DF6AE}.Debug|Any CPU.Build.0 = Debug|Any CPU
		{51EF373B-010C-4763-908D-14C43B7DF6AE}.Release|Any CPU.ActiveCfg = Release|Any CPU
		{51EF373B-010C-4763-908D-14C43B7DF6AE}.Release|Any CPU.Build.0 = Release|Any CPU
		{4C876FEB-499C-40C0-BB75-91A1964860CE}.Debug|Any CPU.ActiveCfg = Debug|Any CPU
		{4C876FEB-499C-40C0-BB75-91A1964860CE}.Debug|Any CPU.Build.0 = Debug|Any CPU
		{4C876FEB-499C-40C0-BB75-91A1964860CE}.Release|Any CPU.ActiveCfg = Release|Any CPU
		{4C876FEB-499C-40C0-BB75-91A1964860CE}.Release|Any CPU.Build.0 = Release|Any CPU
		{E1681F53-6599-4A7F-9FC7-3CF73203BBCA}.Debug|Any CPU.ActiveCfg = Debug|Any CPU
		{E1681F53-6599-4A7F-9FC7-3CF73203BBCA}.Debug|Any CPU.Build.0 = Debug|Any CPU
		{E1681F53-6599-4A7F-9FC7-3CF73203BBCA}.Release|Any CPU.ActiveCfg = Release|Any CPU
		{E1681F53-6599-4A7F-9FC7-3CF73203BBCA}.Release|Any CPU.Build.0 = Release|Any CPU
		{1391F4FD-B8A4-4DAC-9725-A1B43CAFC494}.Debug|Any CPU.ActiveCfg = Debug|Any CPU
		{1391F4FD-B8A4-4DAC-9725-A1B43CAFC494}.Debug|Any CPU.Build.0 = Debug|Any CPU
		{1391F4FD-B8A4-4DAC-9725-A1B43CAFC494}.Release|Any CPU.ActiveCfg = Release|Any CPU
		{1391F4FD-B8A4-4DAC-9725-A1B43CAFC494}.Release|Any CPU.Build.0 = Release|Any CPU
		{0603B4C9-AB92-43FC-A954-5195AB76673D}.Debug|Any CPU.ActiveCfg = Debug|Any CPU
		{0603B4C9-AB92-43FC-A954-5195AB76673D}.Debug|Any CPU.Build.0 = Debug|Any CPU
		{0603B4C9-AB92-43FC-A954-5195AB76673D}.Release|Any CPU.ActiveCfg = Release|Any CPU
		{0603B4C9-AB92-43FC-A954-5195AB76673D}.Release|Any CPU.Build.0 = Release|Any CPU
		{0434C2AC-37CE-4722-8310-B80E1E85AA37}.Debug|Any CPU.ActiveCfg = Debug|Any CPU
		{0434C2AC-37CE-4722-8310-B80E1E85AA37}.Debug|Any CPU.Build.0 = Debug|Any CPU
		{0434C2AC-37CE-4722-8310-B80E1E85AA37}.Release|Any CPU.ActiveCfg = Release|Any CPU
		{0434C2AC-37CE-4722-8310-B80E1E85AA37}.Release|Any CPU.Build.0 = Release|Any CPU
		{CFAFB939-2648-4549-A47A-2E48E5FF2441}.Debug|Any CPU.ActiveCfg = Debug|Any CPU
		{CFAFB939-2648-4549-A47A-2E48E5FF2441}.Debug|Any CPU.Build.0 = Debug|Any CPU
		{CFAFB939-2648-4549-A47A-2E48E5FF2441}.Release|Any CPU.ActiveCfg = Release|Any CPU
		{CFAFB939-2648-4549-A47A-2E48E5FF2441}.Release|Any CPU.Build.0 = Release|Any CPU
		{A549657C-A3F0-47C9-B254-CB2F0D7DFF46}.Debug|Any CPU.ActiveCfg = Debug|Any CPU
		{A549657C-A3F0-47C9-B254-CB2F0D7DFF46}.Debug|Any CPU.Build.0 = Debug|Any CPU
		{A549657C-A3F0-47C9-B254-CB2F0D7DFF46}.Release|Any CPU.ActiveCfg = Release|Any CPU
		{A549657C-A3F0-47C9-B254-CB2F0D7DFF46}.Release|Any CPU.Build.0 = Release|Any CPU
		{51815025-E92E-44D0-9556-66277D256A21}.Debug|Any CPU.ActiveCfg = Debug|Any CPU
		{51815025-E92E-44D0-9556-66277D256A21}.Debug|Any CPU.Build.0 = Debug|Any CPU
		{51815025-E92E-44D0-9556-66277D256A21}.Release|Any CPU.ActiveCfg = Release|Any CPU
		{51815025-E92E-44D0-9556-66277D256A21}.Release|Any CPU.Build.0 = Release|Any CPU
		{DB900FF1-120B-4F1C-BB03-25C30EFFE56B}.Debug|Any CPU.ActiveCfg = Debug|Any CPU
		{DB900FF1-120B-4F1C-BB03-25C30EFFE56B}.Debug|Any CPU.Build.0 = Debug|Any CPU
		{DB900FF1-120B-4F1C-BB03-25C30EFFE56B}.Release|Any CPU.ActiveCfg = Release|Any CPU
		{DB900FF1-120B-4F1C-BB03-25C30EFFE56B}.Release|Any CPU.Build.0 = Release|Any CPU
		{A5B2DC6B-1BE3-4DF3-B727-2114D6CEA91D}.Debug|Any CPU.ActiveCfg = Debug|Any CPU
		{A5B2DC6B-1BE3-4DF3-B727-2114D6CEA91D}.Debug|Any CPU.Build.0 = Debug|Any CPU
		{A5B2DC6B-1BE3-4DF3-B727-2114D6CEA91D}.Release|Any CPU.ActiveCfg = Release|Any CPU
		{A5B2DC6B-1BE3-4DF3-B727-2114D6CEA91D}.Release|Any CPU.Build.0 = Release|Any CPU
		{78410AE5-EB8F-4134-ACA7-5CD022E36EF2}.Debug|Any CPU.ActiveCfg = Debug|Any CPU
		{78410AE5-EB8F-4134-ACA7-5CD022E36EF2}.Debug|Any CPU.Build.0 = Debug|Any CPU
		{78410AE5-EB8F-4134-ACA7-5CD022E36EF2}.Release|Any CPU.ActiveCfg = Release|Any CPU
		{78410AE5-EB8F-4134-ACA7-5CD022E36EF2}.Release|Any CPU.Build.0 = Release|Any CPU
		{57C8800E-7ABF-4640-B883-AA26637B4A63}.Debug|Any CPU.ActiveCfg = Debug|Any CPU
		{57C8800E-7ABF-4640-B883-AA26637B4A63}.Debug|Any CPU.Build.0 = Debug|Any CPU
		{57C8800E-7ABF-4640-B883-AA26637B4A63}.Release|Any CPU.ActiveCfg = Release|Any CPU
		{57C8800E-7ABF-4640-B883-AA26637B4A63}.Release|Any CPU.Build.0 = Release|Any CPU
	EndGlobalSection
	GlobalSection(SolutionProperties) = preSolution
		HideSolutionNode = FALSE
	EndGlobalSection
	GlobalSection(ExtensibilityGlobals) = postSolution
		SolutionGuid = {A23C268B-FCB3-4392-A46C-4D14A5CE2606}
	EndGlobalSection
EndGlobal
