
Microsoft Visual Studio Solution File, Format Version 12.00
# Visual Studio Version 16
VisualStudioVersion = 16.0.30406.217
MinimumVisualStudioVersion = 10.0.40219.1
Project("{9A19103F-16F7-4668-BE54-9A1E7A4F7556}") = "Car", "Car\Car.csproj", "{7572EAC3-EF97-4B86-BD1C-A08C65AF325C}"
EndProject
Project("{9A19103F-16F7-4668-BE54-9A1E7A4F7556}") = "CarExtension", "CarExtension\CarExtension.csproj", "{73C14704-6E2F-43B2-BC4B-7FF528A60075}"
EndProject
Project("{9A19103F-16F7-4668-BE54-9A1E7A4F7556}") = "CarContructors", "CarContructors\CarContructors.csproj", "{1C5DB910-11C8-4E3E-9154-CD04F06E0C46}"
EndProject
Project("{9A19103F-16F7-4668-BE54-9A1E7A4F7556}") = "CarEngineAndTires", "CarEngineAndTires\CarEngineAndTires.csproj", "{0DCA54F9-DC7C-4C35-9428-5B6261A94316}"
EndProject
Project("{9A19103F-16F7-4668-BE54-9A1E7A4F7556}") = "CarManufacturer", "CarManufacturer\CarManufacturer.csproj", "{E6265B2A-9617-4536-98B7-21AF87CF2749}"
EndProject
Project("{9A19103F-16F7-4668-BE54-9A1E7A4F7556}") = "DefiningClasses", "DefiningClasses\DefiningClasses.csproj", "{BF6324D2-E5D4-438F-A202-865E3F546A08}"
EndProject
Project("{9A19103F-16F7-4668-BE54-9A1E7A4F7556}") = "DateModifier", "DateModifier\DateModifier.csproj", "{6A3BDDC7-F9F3-4EC8-ABD6-5793DD45953A}"
EndProject
Project("{9A19103F-16F7-4668-BE54-9A1E7A4F7556}") = "SpeedRacing", "SpeedRacing\SpeedRacing.csproj", "{B0141A44-19B8-49D4-9070-395D3D34C026}"
EndProject
Project("{9A19103F-16F7-4668-BE54-9A1E7A4F7556}") = "RowData", "RowData\RowData.csproj", "{8C6ADAB0-8634-4072-ACC9-2B3D60691F77}"
EndProject
Project("{9A19103F-16F7-4668-BE54-9A1E7A4F7556}") = "CarSalesman", "CarSalesman\CarSalesman.csproj", "{4D6CEAF6-7B0D-4F04-8889-B5CB614F80A8}"
EndProject
Project("{FAE04EC0-301F-11D3-BF4B-00C04F79EFBC}") = "PokemonTrainer", "PokemonTrainer\PokemonTrainer.csproj", "{9E5ACAAE-FD72-4322-9979-0090F7D0D2B1}"
EndProject
Project("{FAE04EC0-301F-11D3-BF4B-00C04F79EFBC}") = "SoftUniParking", "SoftUniParking\SoftUniParking.csproj", "{B6D10CC2-9AFA-4C7C-8065-ED12EC9952CB}"
EndProject
Global
	GlobalSection(SolutionConfigurationPlatforms) = preSolution
		Debug|Any CPU = Debug|Any CPU
		Release|Any CPU = Release|Any CPU
	EndGlobalSection
	GlobalSection(ProjectConfigurationPlatforms) = postSolution
		{7572EAC3-EF97-4B86-BD1C-A08C65AF325C}.Debug|Any CPU.ActiveCfg = Debug|Any CPU
		{7572EAC3-EF97-4B86-BD1C-A08C65AF325C}.Debug|Any CPU.Build.0 = Debug|Any CPU
		{7572EAC3-EF97-4B86-BD1C-A08C65AF325C}.Release|Any CPU.ActiveCfg = Release|Any CPU
		{7572EAC3-EF97-4B86-BD1C-A08C65AF325C}.Release|Any CPU.Build.0 = Release|Any CPU
		{73C14704-6E2F-43B2-BC4B-7FF528A60075}.Debug|Any CPU.ActiveCfg = Debug|Any CPU
		{73C14704-6E2F-43B2-BC4B-7FF528A60075}.Debug|Any CPU.Build.0 = Debug|Any CPU
		{73C14704-6E2F-43B2-BC4B-7FF528A60075}.Release|Any CPU.ActiveCfg = Release|Any CPU
		{73C14704-6E2F-43B2-BC4B-7FF528A60075}.Release|Any CPU.Build.0 = Release|Any CPU
		{1C5DB910-11C8-4E3E-9154-CD04F06E0C46}.Debug|Any CPU.ActiveCfg = Debug|Any CPU
		{1C5DB910-11C8-4E3E-9154-CD04F06E0C46}.Debug|Any CPU.Build.0 = Debug|Any CPU
		{1C5DB910-11C8-4E3E-9154-CD04F06E0C46}.Release|Any CPU.ActiveCfg = Release|Any CPU
		{1C5DB910-11C8-4E3E-9154-CD04F06E0C46}.Release|Any CPU.Build.0 = Release|Any CPU
		{0DCA54F9-DC7C-4C35-9428-5B6261A94316}.Debug|Any CPU.ActiveCfg = Debug|Any CPU
		{0DCA54F9-DC7C-4C35-9428-5B6261A94316}.Debug|Any CPU.Build.0 = Debug|Any CPU
		{0DCA54F9-DC7C-4C35-9428-5B6261A94316}.Release|Any CPU.ActiveCfg = Release|Any CPU
		{0DCA54F9-DC7C-4C35-9428-5B6261A94316}.Release|Any CPU.Build.0 = Release|Any CPU
		{E6265B2A-9617-4536-98B7-21AF87CF2749}.Debug|Any CPU.ActiveCfg = Debug|Any CPU
		{E6265B2A-9617-4536-98B7-21AF87CF2749}.Debug|Any CPU.Build.0 = Debug|Any CPU
		{E6265B2A-9617-4536-98B7-21AF87CF2749}.Release|Any CPU.ActiveCfg = Release|Any CPU
		{E6265B2A-9617-4536-98B7-21AF87CF2749}.Release|Any CPU.Build.0 = Release|Any CPU
		{BF6324D2-E5D4-438F-A202-865E3F546A08}.Debug|Any CPU.ActiveCfg = Debug|Any CPU
		{BF6324D2-E5D4-438F-A202-865E3F546A08}.Debug|Any CPU.Build.0 = Debug|Any CPU
		{BF6324D2-E5D4-438F-A202-865E3F546A08}.Release|Any CPU.ActiveCfg = Release|Any CPU
		{BF6324D2-E5D4-438F-A202-865E3F546A08}.Release|Any CPU.Build.0 = Release|Any CPU
		{6A3BDDC7-F9F3-4EC8-ABD6-5793DD45953A}.Debug|Any CPU.ActiveCfg = Debug|Any CPU
		{6A3BDDC7-F9F3-4EC8-ABD6-5793DD45953A}.Debug|Any CPU.Build.0 = Debug|Any CPU
		{6A3BDDC7-F9F3-4EC8-ABD6-5793DD45953A}.Release|Any CPU.ActiveCfg = Release|Any CPU
		{6A3BDDC7-F9F3-4EC8-ABD6-5793DD45953A}.Release|Any CPU.Build.0 = Release|Any CPU
		{B0141A44-19B8-49D4-9070-395D3D34C026}.Debug|Any CPU.ActiveCfg = Debug|Any CPU
		{B0141A44-19B8-49D4-9070-395D3D34C026}.Debug|Any CPU.Build.0 = Debug|Any CPU
		{B0141A44-19B8-49D4-9070-395D3D34C026}.Release|Any CPU.ActiveCfg = Release|Any CPU
		{B0141A44-19B8-49D4-9070-395D3D34C026}.Release|Any CPU.Build.0 = Release|Any CPU
		{8C6ADAB0-8634-4072-ACC9-2B3D60691F77}.Debug|Any CPU.ActiveCfg = Debug|Any CPU
		{8C6ADAB0-8634-4072-ACC9-2B3D60691F77}.Debug|Any CPU.Build.0 = Debug|Any CPU
		{8C6ADAB0-8634-4072-ACC9-2B3D60691F77}.Release|Any CPU.ActiveCfg = Release|Any CPU
		{8C6ADAB0-8634-4072-ACC9-2B3D60691F77}.Release|Any CPU.Build.0 = Release|Any CPU
		{4D6CEAF6-7B0D-4F04-8889-B5CB614F80A8}.Debug|Any CPU.ActiveCfg = Debug|Any CPU
		{4D6CEAF6-7B0D-4F04-8889-B5CB614F80A8}.Debug|Any CPU.Build.0 = Debug|Any CPU
		{4D6CEAF6-7B0D-4F04-8889-B5CB614F80A8}.Release|Any CPU.ActiveCfg = Release|Any CPU
		{4D6CEAF6-7B0D-4F04-8889-B5CB614F80A8}.Release|Any CPU.Build.0 = Release|Any CPU
		{9E5ACAAE-FD72-4322-9979-0090F7D0D2B1}.Debug|Any CPU.ActiveCfg = Debug|Any CPU
		{9E5ACAAE-FD72-4322-9979-0090F7D0D2B1}.Debug|Any CPU.Build.0 = Debug|Any CPU
		{9E5ACAAE-FD72-4322-9979-0090F7D0D2B1}.Release|Any CPU.ActiveCfg = Release|Any CPU
		{9E5ACAAE-FD72-4322-9979-0090F7D0D2B1}.Release|Any CPU.Build.0 = Release|Any CPU
		{B6D10CC2-9AFA-4C7C-8065-ED12EC9952CB}.Debug|Any CPU.ActiveCfg = Debug|Any CPU
		{B6D10CC2-9AFA-4C7C-8065-ED12EC9952CB}.Debug|Any CPU.Build.0 = Debug|Any CPU
		{B6D10CC2-9AFA-4C7C-8065-ED12EC9952CB}.Release|Any CPU.ActiveCfg = Release|Any CPU
		{B6D10CC2-9AFA-4C7C-8065-ED12EC9952CB}.Release|Any CPU.Build.0 = Release|Any CPU
	EndGlobalSection
	GlobalSection(SolutionProperties) = preSolution
		HideSolutionNode = FALSE
	EndGlobalSection
	GlobalSection(ExtensibilityGlobals) = postSolution
		SolutionGuid = {7C532E33-93E2-4397-B10A-A114FF1BAA38}
	EndGlobalSection
EndGlobal
